
Microsoft Visual Studio Solution File, Format Version 12.00
# Visual Studio Version 17
VisualStudioVersion = 17.7.34202.233
MinimumVisualStudioVersion = 10.0.40219.1
Project("{FAE04EC0-301F-11D3-BF4B-00C04F79EFBC}") = "SeleniumProject", "SeleniumProject\SeleniumProject.csproj", "{2F1F0FBE-6C1F-4A71-A159-B5E530CE88D7}"
EndProject
Global
	GlobalSection(SolutionConfigurationPlatforms) = preSolution
		Debug|Any CPU = Debug|Any CPU
		Release|Any CPU = Release|Any CPU
	EndGlobalSection
	GlobalSection(ProjectConfigurationPlatforms) = postSolution
		{2F1F0FBE-6C1F-4A71-A159-B5E530CE88D7}.Debug|Any CPU.ActiveCfg = Debug|Any CPU
		{2F1F0FBE-6C1F-4A71-A159-B5E530CE88D7}.Debug|Any CPU.Build.0 = Debug|Any CPU
		{2F1F0FBE-6C1F-4A71-A159-B5E530CE88D7}.Release|Any CPU.ActiveCfg = Release|Any CPU
		{2F1F0FBE-6C1F-4A71-A159-B5E530CE88D7}.Release|Any CPU.Build.0 = Release|Any CPU
	EndGlobalSection
	GlobalSection(SolutionProperties) = preSolution
		HideSolutionNode = FALSE
	EndGlobalSection
	GlobalSection(ExtensibilityGlobals) = postSolution
		SolutionGuid = {876347AC-7010-4704-A84C-D9FD583DB4B5}
	EndGlobalSection
EndGlobal
